// !$*UTF8*$!
{
	archiveVersion = 1;
	classes = {
	};
	objectVersion = 56;
	objects = {

/* Begin PBXBuildFile section */
		A820EE932C87A05900BFC55B /* Double+.swift in Sources */ = {isa = PBXBuildFile; fileRef = A820EE922C87A05900BFC55B /* Double+.swift */; };
		A820EE952C87B4F500BFC55B /* ProductDetailView.swift in Sources */ = {isa = PBXBuildFile; fileRef = A820EE942C87B4F500BFC55B /* ProductDetailView.swift */; };
		A8812BA62C8746C700D327E3 /* CarrouselItemView.swift in Sources */ = {isa = PBXBuildFile; fileRef = A8812BA52C8746C700D327E3 /* CarrouselItemView.swift */; };
		A8812BA92C874CB700D327E3 /* StoreItemView.swift in Sources */ = {isa = PBXBuildFile; fileRef = A8812BA82C874CB700D327E3 /* StoreItemView.swift */; };
		A8812BAB2C874E3B00D327E3 /* StoresContainerView.swift in Sources */ = {isa = PBXBuildFile; fileRef = A8812BAA2C874E3B00D327E3 /* StoresContainerView.swift */; };
		A8812BAD2C878E9C00D327E3 /* StoreDetailView.swift in Sources */ = {isa = PBXBuildFile; fileRef = A8812BAC2C878E9C00D327E3 /* StoreDetailView.swift */; };
		A8812BAF2C87954100D327E3 /* StoreType.swift in Sources */ = {isa = PBXBuildFile; fileRef = A8812BAE2C87954100D327E3 /* StoreType.swift */; };
		A8812BB12C87958800D327E3 /* ProductType.swift in Sources */ = {isa = PBXBuildFile; fileRef = A8812BB02C87958800D327E3 /* ProductType.swift */; };
		A8A0C2432C86A0C9003C8E5D /* ChefDeliveryAluraApp.swift in Sources */ = {isa = PBXBuildFile; fileRef = A8A0C2422C86A0C9003C8E5D /* ChefDeliveryAluraApp.swift */; };
		A8A0C2452C86A0C9003C8E5D /* ContentView.swift in Sources */ = {isa = PBXBuildFile; fileRef = A8A0C2442C86A0C9003C8E5D /* ContentView.swift */; };
		A8A0C2472C86A0CB003C8E5D /* Assets.xcassets in Resources */ = {isa = PBXBuildFile; fileRef = A8A0C2462C86A0CB003C8E5D /* Assets.xcassets */; };
		A8A0C24A2C86A0CB003C8E5D /* Preview Assets.xcassets in Resources */ = {isa = PBXBuildFile; fileRef = A8A0C2492C86A0CB003C8E5D /* Preview Assets.xcassets */; };
		A8A0C2542C86A0CB003C8E5D /* ChefDeliveryAluraTests.swift in Sources */ = {isa = PBXBuildFile; fileRef = A8A0C2532C86A0CB003C8E5D /* ChefDeliveryAluraTests.swift */; };
		A8A0C25E2C86A0CB003C8E5D /* ChefDeliveryAluraUITests.swift in Sources */ = {isa = PBXBuildFile; fileRef = A8A0C25D2C86A0CB003C8E5D /* ChefDeliveryAluraUITests.swift */; };
		A8A0C2602C86A0CB003C8E5D /* ChefDeliveryAluraUITestsLaunchTests.swift in Sources */ = {isa = PBXBuildFile; fileRef = A8A0C25F2C86A0CB003C8E5D /* ChefDeliveryAluraUITestsLaunchTests.swift */; };
		A8A0C2712C86A37F003C8E5D /* NavigationBar.swift in Sources */ = {isa = PBXBuildFile; fileRef = A8A0C2702C86A37F003C8E5D /* NavigationBar.swift */; };
		A8A0C2742C86A8E1003C8E5D /* OrderTypeGridView.swift in Sources */ = {isa = PBXBuildFile; fileRef = A8A0C2732C86A8E1003C8E5D /* OrderTypeGridView.swift */; };
		A8A0C2772C86B1BF003C8E5D /* OrderType.swift in Sources */ = {isa = PBXBuildFile; fileRef = A8A0C2762C86B1BF003C8E5D /* OrderType.swift */; };
		A8A0C2792C86B224003C8E5D /* DataSourceMock.swift in Sources */ = {isa = PBXBuildFile; fileRef = A8A0C2782C86B224003C8E5D /* DataSourceMock.swift */; };
		A8A0C27B2C86B379003C8E5D /* OrderTypeView.swift in Sources */ = {isa = PBXBuildFile; fileRef = A8A0C27A2C86B379003C8E5D /* OrderTypeView.swift */; };
		A8A0C2802C874569003C8E5D /* CarrouselTabView.swift in Sources */ = {isa = PBXBuildFile; fileRef = A8A0C27F2C874569003C8E5D /* CarrouselTabView.swift */; };
/* End PBXBuildFile section */

/* Begin PBXContainerItemProxy section */
		A8A0C2502C86A0CB003C8E5D /* PBXContainerItemProxy */ = {
			isa = PBXContainerItemProxy;
			containerPortal = A8A0C2372C86A0C9003C8E5D /* Project object */;
			proxyType = 1;
			remoteGlobalIDString = A8A0C23E2C86A0C9003C8E5D;
			remoteInfo = ChefDeliveryAlura;
		};
		A8A0C25A2C86A0CB003C8E5D /* PBXContainerItemProxy */ = {
			isa = PBXContainerItemProxy;
			containerPortal = A8A0C2372C86A0C9003C8E5D /* Project object */;
			proxyType = 1;
			remoteGlobalIDString = A8A0C23E2C86A0C9003C8E5D;
			remoteInfo = ChefDeliveryAlura;
		};
/* End PBXContainerItemProxy section */

/* Begin PBXFileReference section */
		A820EE922C87A05900BFC55B /* Double+.swift */ = {isa = PBXFileReference; lastKnownFileType = sourcecode.swift; path = "Double+.swift"; sourceTree = "<group>"; };
		A820EE942C87B4F500BFC55B /* ProductDetailView.swift */ = {isa = PBXFileReference; lastKnownFileType = sourcecode.swift; path = ProductDetailView.swift; sourceTree = "<group>"; };
		A8812BA52C8746C700D327E3 /* CarrouselItemView.swift */ = {isa = PBXFileReference; lastKnownFileType = sourcecode.swift; path = CarrouselItemView.swift; sourceTree = "<group>"; };
		A8812BA82C874CB700D327E3 /* StoreItemView.swift */ = {isa = PBXFileReference; lastKnownFileType = sourcecode.swift; path = StoreItemView.swift; sourceTree = "<group>"; };
		A8812BAA2C874E3B00D327E3 /* StoresContainerView.swift */ = {isa = PBXFileReference; lastKnownFileType = sourcecode.swift; path = StoresContainerView.swift; sourceTree = "<group>"; };
		A8812BAC2C878E9C00D327E3 /* StoreDetailView.swift */ = {isa = PBXFileReference; lastKnownFileType = sourcecode.swift; path = StoreDetailView.swift; sourceTree = "<group>"; };
		A8812BAE2C87954100D327E3 /* StoreType.swift */ = {isa = PBXFileReference; lastKnownFileType = sourcecode.swift; path = StoreType.swift; sourceTree = "<group>"; };
		A8812BB02C87958800D327E3 /* ProductType.swift */ = {isa = PBXFileReference; lastKnownFileType = sourcecode.swift; path = ProductType.swift; sourceTree = "<group>"; };
		A8A0C23F2C86A0C9003C8E5D /* ChefDeliveryAlura.app */ = {isa = PBXFileReference; explicitFileType = wrapper.application; includeInIndex = 0; path = ChefDeliveryAlura.app; sourceTree = BUILT_PRODUCTS_DIR; };
		A8A0C2422C86A0C9003C8E5D /* ChefDeliveryAluraApp.swift */ = {isa = PBXFileReference; lastKnownFileType = sourcecode.swift; path = ChefDeliveryAluraApp.swift; sourceTree = "<group>"; };
		A8A0C2442C86A0C9003C8E5D /* ContentView.swift */ = {isa = PBXFileReference; lastKnownFileType = sourcecode.swift; path = ContentView.swift; sourceTree = "<group>"; };
		A8A0C2462C86A0CB003C8E5D /* Assets.xcassets */ = {isa = PBXFileReference; lastKnownFileType = folder.assetcatalog; path = Assets.xcassets; sourceTree = "<group>"; };
		A8A0C2492C86A0CB003C8E5D /* Preview Assets.xcassets */ = {isa = PBXFileReference; lastKnownFileType = folder.assetcatalog; path = "Preview Assets.xcassets"; sourceTree = "<group>"; };
		A8A0C24F2C86A0CB003C8E5D /* ChefDeliveryAluraTests.xctest */ = {isa = PBXFileReference; explicitFileType = wrapper.cfbundle; includeInIndex = 0; path = ChefDeliveryAluraTests.xctest; sourceTree = BUILT_PRODUCTS_DIR; };
		A8A0C2532C86A0CB003C8E5D /* ChefDeliveryAluraTests.swift */ = {isa = PBXFileReference; lastKnownFileType = sourcecode.swift; path = ChefDeliveryAluraTests.swift; sourceTree = "<group>"; };
		A8A0C2592C86A0CB003C8E5D /* ChefDeliveryAluraUITests.xctest */ = {isa = PBXFileReference; explicitFileType = wrapper.cfbundle; includeInIndex = 0; path = ChefDeliveryAluraUITests.xctest; sourceTree = BUILT_PRODUCTS_DIR; };
		A8A0C25D2C86A0CB003C8E5D /* ChefDeliveryAluraUITests.swift */ = {isa = PBXFileReference; lastKnownFileType = sourcecode.swift; path = ChefDeliveryAluraUITests.swift; sourceTree = "<group>"; };
		A8A0C25F2C86A0CB003C8E5D /* ChefDeliveryAluraUITestsLaunchTests.swift */ = {isa = PBXFileReference; lastKnownFileType = sourcecode.swift; path = ChefDeliveryAluraUITestsLaunchTests.swift; sourceTree = "<group>"; };
		A8A0C2702C86A37F003C8E5D /* NavigationBar.swift */ = {isa = PBXFileReference; lastKnownFileType = sourcecode.swift; path = NavigationBar.swift; sourceTree = "<group>"; };
		A8A0C2732C86A8E1003C8E5D /* OrderTypeGridView.swift */ = {isa = PBXFileReference; lastKnownFileType = sourcecode.swift; path = OrderTypeGridView.swift; sourceTree = "<group>"; };
		A8A0C2762C86B1BF003C8E5D /* OrderType.swift */ = {isa = PBXFileReference; lastKnownFileType = sourcecode.swift; path = OrderType.swift; sourceTree = "<group>"; };
		A8A0C2782C86B224003C8E5D /* DataSourceMock.swift */ = {isa = PBXFileReference; lastKnownFileType = sourcecode.swift; path = DataSourceMock.swift; sourceTree = "<group>"; };
		A8A0C27A2C86B379003C8E5D /* OrderTypeView.swift */ = {isa = PBXFileReference; lastKnownFileType = sourcecode.swift; path = OrderTypeView.swift; sourceTree = "<group>"; };
		A8A0C27F2C874569003C8E5D /* CarrouselTabView.swift */ = {isa = PBXFileReference; lastKnownFileType = sourcecode.swift; path = CarrouselTabView.swift; sourceTree = "<group>"; };
/* End PBXFileReference section */

/* Begin PBXFrameworksBuildPhase section */
		A8A0C23C2C86A0C9003C8E5D /* Frameworks */ = {
			isa = PBXFrameworksBuildPhase;
			buildActionMask = 2147483647;
			files = (
			);
			runOnlyForDeploymentPostprocessing = 0;
		};
		A8A0C24C2C86A0CB003C8E5D /* Frameworks */ = {
			isa = PBXFrameworksBuildPhase;
			buildActionMask = 2147483647;
			files = (
			);
			runOnlyForDeploymentPostprocessing = 0;
		};
		A8A0C2562C86A0CB003C8E5D /* Frameworks */ = {
			isa = PBXFrameworksBuildPhase;
			buildActionMask = 2147483647;
			files = (
			);
			runOnlyForDeploymentPostprocessing = 0;
		};
/* End PBXFrameworksBuildPhase section */

/* Begin PBXGroup section */
		A820EE912C87A04500BFC55B /* Utils */ = {
			isa = PBXGroup;
			children = (
				A820EE922C87A05900BFC55B /* Double+.swift */,
			);
			path = Utils;
			sourceTree = "<group>";
		};
		A820EE962C87B89D00BFC55B /* ProductView */ = {
			isa = PBXGroup;
			children = (
				A820EE942C87B4F500BFC55B /* ProductDetailView.swift */,
			);
			path = ProductView;
			sourceTree = "<group>";
		};
		A8812BA72C874CA400D327E3 /* StoresView */ = {
			isa = PBXGroup;
			children = (
				A8812BA82C874CB700D327E3 /* StoreItemView.swift */,
				A8812BAA2C874E3B00D327E3 /* StoresContainerView.swift */,
				A8812BAC2C878E9C00D327E3 /* StoreDetailView.swift */,
			);
			path = StoresView;
			sourceTree = "<group>";
		};
		A8A0C2362C86A0C9003C8E5D = {
			isa = PBXGroup;
			children = (
				A8A0C2412C86A0C9003C8E5D /* ChefDeliveryAlura */,
				A8A0C2522C86A0CB003C8E5D /* ChefDeliveryAluraTests */,
				A8A0C25C2C86A0CB003C8E5D /* ChefDeliveryAluraUITests */,
				A8A0C2402C86A0C9003C8E5D /* Products */,
			);
			sourceTree = "<group>";
		};
		A8A0C2402C86A0C9003C8E5D /* Products */ = {
			isa = PBXGroup;
			children = (
				A8A0C23F2C86A0C9003C8E5D /* ChefDeliveryAlura.app */,
				A8A0C24F2C86A0CB003C8E5D /* ChefDeliveryAluraTests.xctest */,
				A8A0C2592C86A0CB003C8E5D /* ChefDeliveryAluraUITests.xctest */,
			);
			name = Products;
			sourceTree = "<group>";
		};
		A8A0C2412C86A0C9003C8E5D /* ChefDeliveryAlura */ = {
			isa = PBXGroup;
			children = (
				A820EE962C87B89D00BFC55B /* ProductView */,
				A820EE912C87A04500BFC55B /* Utils */,
				A8812BA72C874CA400D327E3 /* StoresView */,
				A8A0C27C2C874454003C8E5D /* CarrouselView */,
				A8A0C2752C86B1A6003C8E5D /* Model */,
				A8A0C2722C86A8B7003C8E5D /* GridView */,
				A8A0C26D2C86A332003C8E5D /* App */,
				A8A0C26C2C86A323003C8E5D /* NavigationBar */,
				A8A0C2462C86A0CB003C8E5D /* Assets.xcassets */,
				A8A0C2482C86A0CB003C8E5D /* Preview Content */,
			);
			path = ChefDeliveryAlura;
			sourceTree = "<group>";
		};
		A8A0C2482C86A0CB003C8E5D /* Preview Content */ = {
			isa = PBXGroup;
			children = (
				A8A0C2492C86A0CB003C8E5D /* Preview Assets.xcassets */,
			);
			path = "Preview Content";
			sourceTree = "<group>";
		};
		A8A0C2522C86A0CB003C8E5D /* ChefDeliveryAluraTests */ = {
			isa = PBXGroup;
			children = (
				A8A0C2532C86A0CB003C8E5D /* ChefDeliveryAluraTests.swift */,
			);
			path = ChefDeliveryAluraTests;
			sourceTree = "<group>";
		};
		A8A0C25C2C86A0CB003C8E5D /* ChefDeliveryAluraUITests */ = {
			isa = PBXGroup;
			children = (
				A8A0C25D2C86A0CB003C8E5D /* ChefDeliveryAluraUITests.swift */,
				A8A0C25F2C86A0CB003C8E5D /* ChefDeliveryAluraUITestsLaunchTests.swift */,
			);
			path = ChefDeliveryAluraUITests;
			sourceTree = "<group>";
		};
		A8A0C26C2C86A323003C8E5D /* NavigationBar */ = {
			isa = PBXGroup;
			children = (
				A8A0C2702C86A37F003C8E5D /* NavigationBar.swift */,
			);
			path = NavigationBar;
			sourceTree = "<group>";
		};
		A8A0C26D2C86A332003C8E5D /* App */ = {
			isa = PBXGroup;
			children = (
				A8A0C2422C86A0C9003C8E5D /* ChefDeliveryAluraApp.swift */,
				A8A0C2442C86A0C9003C8E5D /* ContentView.swift */,
			);
			path = App;
			sourceTree = "<group>";
		};
		A8A0C2722C86A8B7003C8E5D /* GridView */ = {
			isa = PBXGroup;
			children = (
				A8A0C2732C86A8E1003C8E5D /* OrderTypeGridView.swift */,
				A8A0C27A2C86B379003C8E5D /* OrderTypeView.swift */,
			);
			path = GridView;
			sourceTree = "<group>";
		};
		A8A0C2752C86B1A6003C8E5D /* Model */ = {
			isa = PBXGroup;
			children = (
				A8A0C2762C86B1BF003C8E5D /* OrderType.swift */,
				A8A0C2782C86B224003C8E5D /* DataSourceMock.swift */,
				A8812BAE2C87954100D327E3 /* StoreType.swift */,
				A8812BB02C87958800D327E3 /* ProductType.swift */,
			);
			path = Model;
			sourceTree = "<group>";
		};
		A8A0C27C2C874454003C8E5D /* CarrouselView */ = {
			isa = PBXGroup;
			children = (
				A8A0C27F2C874569003C8E5D /* CarrouselTabView.swift */,
				A8812BA52C8746C700D327E3 /* CarrouselItemView.swift */,
			);
			path = CarrouselView;
			sourceTree = "<group>";
		};
/* End PBXGroup section */

/* Begin PBXNativeTarget section */
		A8A0C23E2C86A0C9003C8E5D /* ChefDeliveryAlura */ = {
			isa = PBXNativeTarget;
			buildConfigurationList = A8A0C2632C86A0CB003C8E5D /* Build configuration list for PBXNativeTarget "ChefDeliveryAlura" */;
			buildPhases = (
				A8A0C23B2C86A0C9003C8E5D /* Sources */,
				A8A0C23C2C86A0C9003C8E5D /* Frameworks */,
				A8A0C23D2C86A0C9003C8E5D /* Resources */,
			);
			buildRules = (
			);
			dependencies = (
			);
			name = ChefDeliveryAlura;
			productName = ChefDeliveryAlura;
			productReference = A8A0C23F2C86A0C9003C8E5D /* ChefDeliveryAlura.app */;
			productType = "com.apple.product-type.application";
		};
		A8A0C24E2C86A0CB003C8E5D /* ChefDeliveryAluraTests */ = {
			isa = PBXNativeTarget;
			buildConfigurationList = A8A0C2662C86A0CB003C8E5D /* Build configuration list for PBXNativeTarget "ChefDeliveryAluraTests" */;
			buildPhases = (
				A8A0C24B2C86A0CB003C8E5D /* Sources */,
				A8A0C24C2C86A0CB003C8E5D /* Frameworks */,
				A8A0C24D2C86A0CB003C8E5D /* Resources */,
			);
			buildRules = (
			);
			dependencies = (
				A8A0C2512C86A0CB003C8E5D /* PBXTargetDependency */,
			);
			name = ChefDeliveryAluraTests;
			productName = ChefDeliveryAluraTests;
			productReference = A8A0C24F2C86A0CB003C8E5D /* ChefDeliveryAluraTests.xctest */;
			productType = "com.apple.product-type.bundle.unit-test";
		};
		A8A0C2582C86A0CB003C8E5D /* ChefDeliveryAluraUITests */ = {
			isa = PBXNativeTarget;
			buildConfigurationList = A8A0C2692C86A0CB003C8E5D /* Build configuration list for PBXNativeTarget "ChefDeliveryAluraUITests" */;
			buildPhases = (
				A8A0C2552C86A0CB003C8E5D /* Sources */,
				A8A0C2562C86A0CB003C8E5D /* Frameworks */,
				A8A0C2572C86A0CB003C8E5D /* Resources */,
			);
			buildRules = (
			);
			dependencies = (
				A8A0C25B2C86A0CB003C8E5D /* PBXTargetDependency */,
			);
			name = ChefDeliveryAluraUITests;
			productName = ChefDeliveryAluraUITests;
			productReference = A8A0C2592C86A0CB003C8E5D /* ChefDeliveryAluraUITests.xctest */;
			productType = "com.apple.product-type.bundle.ui-testing";
		};
/* End PBXNativeTarget section */

/* Begin PBXProject section */
		A8A0C2372C86A0C9003C8E5D /* Project object */ = {
			isa = PBXProject;
			attributes = {
				BuildIndependentTargetsInParallel = 1;
				LastSwiftUpdateCheck = 1430;
				LastUpgradeCheck = 1430;
				TargetAttributes = {
					A8A0C23E2C86A0C9003C8E5D = {
						CreatedOnToolsVersion = 14.3.1;
					};
					A8A0C24E2C86A0CB003C8E5D = {
						CreatedOnToolsVersion = 14.3.1;
						TestTargetID = A8A0C23E2C86A0C9003C8E5D;
					};
					A8A0C2582C86A0CB003C8E5D = {
						CreatedOnToolsVersion = 14.3.1;
						TestTargetID = A8A0C23E2C86A0C9003C8E5D;
					};
				};
			};
			buildConfigurationList = A8A0C23A2C86A0C9003C8E5D /* Build configuration list for PBXProject "ChefDeliveryAlura" */;
			compatibilityVersion = "Xcode 14.0";
			developmentRegion = en;
			hasScannedForEncodings = 0;
			knownRegions = (
				en,
				Base,
			);
			mainGroup = A8A0C2362C86A0C9003C8E5D;
			productRefGroup = A8A0C2402C86A0C9003C8E5D /* Products */;
			projectDirPath = "";
			projectRoot = "";
			targets = (
				A8A0C23E2C86A0C9003C8E5D /* ChefDeliveryAlura */,
				A8A0C24E2C86A0CB003C8E5D /* ChefDeliveryAluraTests */,
				A8A0C2582C86A0CB003C8E5D /* ChefDeliveryAluraUITests */,
			);
		};
/* End PBXProject section */

/* Begin PBXResourcesBuildPhase section */
		A8A0C23D2C86A0C9003C8E5D /* Resources */ = {
			isa = PBXResourcesBuildPhase;
			buildActionMask = 2147483647;
			files = (
				A8A0C24A2C86A0CB003C8E5D /* Preview Assets.xcassets in Resources */,
				A8A0C2472C86A0CB003C8E5D /* Assets.xcassets in Resources */,
			);
			runOnlyForDeploymentPostprocessing = 0;
		};
		A8A0C24D2C86A0CB003C8E5D /* Resources */ = {
			isa = PBXResourcesBuildPhase;
			buildActionMask = 2147483647;
			files = (
			);
			runOnlyForDeploymentPostprocessing = 0;
		};
		A8A0C2572C86A0CB003C8E5D /* Resources */ = {
			isa = PBXResourcesBuildPhase;
			buildActionMask = 2147483647;
			files = (
			);
			runOnlyForDeploymentPostprocessing = 0;
		};
/* End PBXResourcesBuildPhase section */

/* Begin PBXSourcesBuildPhase section */
		A8A0C23B2C86A0C9003C8E5D /* Sources */ = {
			isa = PBXSourcesBuildPhase;
			buildActionMask = 2147483647;
			files = (
				A8812BA62C8746C700D327E3 /* CarrouselItemView.swift in Sources */,
				A820EE952C87B4F500BFC55B /* ProductDetailView.swift in Sources */,
				A8812BB12C87958800D327E3 /* ProductType.swift in Sources */,
				A8A0C2772C86B1BF003C8E5D /* OrderType.swift in Sources */,
				A8A0C2452C86A0C9003C8E5D /* ContentView.swift in Sources */,
				A820EE932C87A05900BFC55B /* Double+.swift in Sources */,
				A8A0C2792C86B224003C8E5D /* DataSourceMock.swift in Sources */,
				A8812BAB2C874E3B00D327E3 /* StoresContainerView.swift in Sources */,
				A8A0C27B2C86B379003C8E5D /* OrderTypeView.swift in Sources */,
				A8812BA92C874CB700D327E3 /* StoreItemView.swift in Sources */,
				A8812BAD2C878E9C00D327E3 /* StoreDetailView.swift in Sources */,
				A8A0C2742C86A8E1003C8E5D /* OrderTypeGridView.swift in Sources */,
				A8A0C2432C86A0C9003C8E5D /* ChefDeliveryAluraApp.swift in Sources */,
				A8A0C2802C874569003C8E5D /* CarrouselTabView.swift in Sources */,
				A8812BAF2C87954100D327E3 /* StoreType.swift in Sources */,
				A8A0C2712C86A37F003C8E5D /* NavigationBar.swift in Sources */,
			);
			runOnlyForDeploymentPostprocessing = 0;
		};
		A8A0C24B2C86A0CB003C8E5D /* Sources */ = {
			isa = PBXSourcesBuildPhase;
			buildActionMask = 2147483647;
			files = (
				A8A0C2542C86A0CB003C8E5D /* ChefDeliveryAluraTests.swift in Sources */,
			);
			runOnlyForDeploymentPostprocessing = 0;
		};
		A8A0C2552C86A0CB003C8E5D /* Sources */ = {
			isa = PBXSourcesBuildPhase;
			buildActionMask = 2147483647;
			files = (
				A8A0C2602C86A0CB003C8E5D /* ChefDeliveryAluraUITestsLaunchTests.swift in Sources */,
				A8A0C25E2C86A0CB003C8E5D /* ChefDeliveryAluraUITests.swift in Sources */,
			);
			runOnlyForDeploymentPostprocessing = 0;
		};
/* End PBXSourcesBuildPhase section */

/* Begin PBXTargetDependency section */
		A8A0C2512C86A0CB003C8E5D /* PBXTargetDependency */ = {
			isa = PBXTargetDependency;
			target = A8A0C23E2C86A0C9003C8E5D /* ChefDeliveryAlura */;
			targetProxy = A8A0C2502C86A0CB003C8E5D /* PBXContainerItemProxy */;
		};
		A8A0C25B2C86A0CB003C8E5D /* PBXTargetDependency */ = {
			isa = PBXTargetDependency;
			target = A8A0C23E2C86A0C9003C8E5D /* ChefDeliveryAlura */;
			targetProxy = A8A0C25A2C86A0CB003C8E5D /* PBXContainerItemProxy */;
		};
/* End PBXTargetDependency section */

/* Begin XCBuildConfiguration section */
		A8A0C2612C86A0CB003C8E5D /* Debug */ = {
			isa = XCBuildConfiguration;
			buildSettings = {
				ALWAYS_SEARCH_USER_PATHS = NO;
				CLANG_ANALYZER_NONNULL = YES;
				CLANG_ANALYZER_NUMBER_OBJECT_CONVERSION = YES_AGGRESSIVE;
				CLANG_CXX_LANGUAGE_STANDARD = "gnu++20";
				CLANG_ENABLE_MODULES = YES;
				CLANG_ENABLE_OBJC_ARC = YES;
				CLANG_ENABLE_OBJC_WEAK = YES;
				CLANG_WARN_BLOCK_CAPTURE_AUTORELEASING = YES;
				CLANG_WARN_BOOL_CONVERSION = YES;
				CLANG_WARN_COMMA = YES;
				CLANG_WARN_CONSTANT_CONVERSION = YES;
				CLANG_WARN_DEPRECATED_OBJC_IMPLEMENTATIONS = YES;
				CLANG_WARN_DIRECT_OBJC_ISA_USAGE = YES_ERROR;
				CLANG_WARN_DOCUMENTATION_COMMENTS = YES;
				CLANG_WARN_EMPTY_BODY = YES;
				CLANG_WARN_ENUM_CONVERSION = YES;
				CLANG_WARN_INFINITE_RECURSION = YES;
				CLANG_WARN_INT_CONVERSION = YES;
				CLANG_WARN_NON_LITERAL_NULL_CONVERSION = YES;
				CLANG_WARN_OBJC_IMPLICIT_RETAIN_SELF = YES;
				CLANG_WARN_OBJC_LITERAL_CONVERSION = YES;
				CLANG_WARN_OBJC_ROOT_CLASS = YES_ERROR;
				CLANG_WARN_QUOTED_INCLUDE_IN_FRAMEWORK_HEADER = YES;
				CLANG_WARN_RANGE_LOOP_ANALYSIS = YES;
				CLANG_WARN_STRICT_PROTOTYPES = YES;
				CLANG_WARN_SUSPICIOUS_MOVE = YES;
				CLANG_WARN_UNGUARDED_AVAILABILITY = YES_AGGRESSIVE;
				CLANG_WARN_UNREACHABLE_CODE = YES;
				CLANG_WARN__DUPLICATE_METHOD_MATCH = YES;
				COPY_PHASE_STRIP = NO;
				DEBUG_INFORMATION_FORMAT = dwarf;
				ENABLE_STRICT_OBJC_MSGSEND = YES;
				ENABLE_TESTABILITY = YES;
				GCC_C_LANGUAGE_STANDARD = gnu11;
				GCC_DYNAMIC_NO_PIC = NO;
				GCC_NO_COMMON_BLOCKS = YES;
				GCC_OPTIMIZATION_LEVEL = 0;
				GCC_PREPROCESSOR_DEFINITIONS = (
					"DEBUG=1",
					"$(inherited)",
				);
				GCC_WARN_64_TO_32_BIT_CONVERSION = YES;
				GCC_WARN_ABOUT_RETURN_TYPE = YES_ERROR;
				GCC_WARN_UNDECLARED_SELECTOR = YES;
				GCC_WARN_UNINITIALIZED_AUTOS = YES_AGGRESSIVE;
				GCC_WARN_UNUSED_FUNCTION = YES;
				GCC_WARN_UNUSED_VARIABLE = YES;
				IPHONEOS_DEPLOYMENT_TARGET = 16.4;
				MTL_ENABLE_DEBUG_INFO = INCLUDE_SOURCE;
				MTL_FAST_MATH = YES;
				ONLY_ACTIVE_ARCH = YES;
				SDKROOT = iphoneos;
				SWIFT_ACTIVE_COMPILATION_CONDITIONS = DEBUG;
				SWIFT_OPTIMIZATION_LEVEL = "-Onone";
			};
			name = Debug;
		};
		A8A0C2622C86A0CB003C8E5D /* Release */ = {
			isa = XCBuildConfiguration;
			buildSettings = {
				ALWAYS_SEARCH_USER_PATHS = NO;
				CLANG_ANALYZER_NONNULL = YES;
				CLANG_ANALYZER_NUMBER_OBJECT_CONVERSION = YES_AGGRESSIVE;
				CLANG_CXX_LANGUAGE_STANDARD = "gnu++20";
				CLANG_ENABLE_MODULES = YES;
				CLANG_ENABLE_OBJC_ARC = YES;
				CLANG_ENABLE_OBJC_WEAK = YES;
				CLANG_WARN_BLOCK_CAPTURE_AUTORELEASING = YES;
				CLANG_WARN_BOOL_CONVERSION = YES;
				CLANG_WARN_COMMA = YES;
				CLANG_WARN_CONSTANT_CONVERSION = YES;
				CLANG_WARN_DEPRECATED_OBJC_IMPLEMENTATIONS = YES;
				CLANG_WARN_DIRECT_OBJC_ISA_USAGE = YES_ERROR;
				CLANG_WARN_DOCUMENTATION_COMMENTS = YES;
				CLANG_WARN_EMPTY_BODY = YES;
				CLANG_WARN_ENUM_CONVERSION = YES;
				CLANG_WARN_INFINITE_RECURSION = YES;
				CLANG_WARN_INT_CONVERSION = YES;
				CLANG_WARN_NON_LITERAL_NULL_CONVERSION = YES;
				CLANG_WARN_OBJC_IMPLICIT_RETAIN_SELF = YES;
				CLANG_WARN_OBJC_LITERAL_CONVERSION = YES;
				CLANG_WARN_OBJC_ROOT_CLASS = YES_ERROR;
				CLANG_WARN_QUOTED_INCLUDE_IN_FRAMEWORK_HEADER = YES;
				CLANG_WARN_RANGE_LOOP_ANALYSIS = YES;
				CLANG_WARN_STRICT_PROTOTYPES = YES;
				CLANG_WARN_SUSPICIOUS_MOVE = YES;
				CLANG_WARN_UNGUARDED_AVAILABILITY = YES_AGGRESSIVE;
				CLANG_WARN_UNREACHABLE_CODE = YES;
				CLANG_WARN__DUPLICATE_METHOD_MATCH = YES;
				COPY_PHASE_STRIP = NO;
				DEBUG_INFORMATION_FORMAT = "dwarf-with-dsym";
				ENABLE_NS_ASSERTIONS = NO;
				ENABLE_STRICT_OBJC_MSGSEND = YES;
				GCC_C_LANGUAGE_STANDARD = gnu11;
				GCC_NO_COMMON_BLOCKS = YES;
				GCC_WARN_64_TO_32_BIT_CONVERSION = YES;
				GCC_WARN_ABOUT_RETURN_TYPE = YES_ERROR;
				GCC_WARN_UNDECLARED_SELECTOR = YES;
				GCC_WARN_UNINITIALIZED_AUTOS = YES_AGGRESSIVE;
				GCC_WARN_UNUSED_FUNCTION = YES;
				GCC_WARN_UNUSED_VARIABLE = YES;
				IPHONEOS_DEPLOYMENT_TARGET = 16.4;
				MTL_ENABLE_DEBUG_INFO = NO;
				MTL_FAST_MATH = YES;
				SDKROOT = iphoneos;
				SWIFT_COMPILATION_MODE = wholemodule;
				SWIFT_OPTIMIZATION_LEVEL = "-O";
				VALIDATE_PRODUCT = YES;
			};
			name = Release;
		};
		A8A0C2642C86A0CB003C8E5D /* Debug */ = {
			isa = XCBuildConfiguration;
			buildSettings = {
				ASSETCATALOG_COMPILER_APPICON_NAME = AppIcon;
				ASSETCATALOG_COMPILER_GLOBAL_ACCENT_COLOR_NAME = AccentColor;
				CODE_SIGN_STYLE = Automatic;
				CURRENT_PROJECT_VERSION = 1;
				DEVELOPMENT_ASSET_PATHS = "\"ChefDeliveryAlura/Preview Content\"";
				ENABLE_PREVIEWS = YES;
				GENERATE_INFOPLIST_FILE = YES;
				INFOPLIST_KEY_UIApplicationSceneManifest_Generation = YES;
				INFOPLIST_KEY_UIApplicationSupportsIndirectInputEvents = YES;
				INFOPLIST_KEY_UILaunchScreen_Generation = YES;
				INFOPLIST_KEY_UISupportedInterfaceOrientations_iPad = "UIInterfaceOrientationPortrait UIInterfaceOrientationPortraitUpsideDown UIInterfaceOrientationLandscapeLeft UIInterfaceOrientationLandscapeRight";
				INFOPLIST_KEY_UISupportedInterfaceOrientations_iPhone = "UIInterfaceOrientationPortrait UIInterfaceOrientationLandscapeLeft UIInterfaceOrientationLandscapeRight";
				LD_RUNPATH_SEARCH_PATHS = (
					"$(inherited)",
					"@executable_path/Frameworks",
				);
				MARKETING_VERSION = 1.0;
				PRODUCT_BUNDLE_IDENTIFIER = com.arcbueno.ChefDeliveryAlura;
				PRODUCT_NAME = "$(TARGET_NAME)";
				SWIFT_EMIT_LOC_STRINGS = YES;
				SWIFT_VERSION = 5.0;
				TARGETED_DEVICE_FAMILY = "1,2";
			};
			name = Debug;
		};
		A8A0C2652C86A0CB003C8E5D /* Release */ = {
			isa = XCBuildConfiguration;
			buildSettings = {
				ASSETCATALOG_COMPILER_APPICON_NAME = AppIcon;
				ASSETCATALOG_COMPILER_GLOBAL_ACCENT_COLOR_NAME = AccentColor;
				CODE_SIGN_STYLE = Automatic;
				CURRENT_PROJECT_VERSION = 1;
				DEVELOPMENT_ASSET_PATHS = "\"ChefDeliveryAlura/Preview Content\"";
				ENABLE_PREVIEWS = YES;
				GENERATE_INFOPLIST_FILE = YES;
				INFOPLIST_KEY_UIApplicationSceneManifest_Generation = YES;
				INFOPLIST_KEY_UIApplicationSupportsIndirectInputEvents = YES;
				INFOPLIST_KEY_UILaunchScreen_Generation = YES;
				INFOPLIST_KEY_UISupportedInterfaceOrientations_iPad = "UIInterfaceOrientationPortrait UIInterfaceOrientationPortraitUpsideDown UIInterfaceOrientationLandscapeLeft UIInterfaceOrientationLandscapeRight";
				INFOPLIST_KEY_UISupportedInterfaceOrientations_iPhone = "UIInterfaceOrientationPortrait UIInterfaceOrientationLandscapeLeft UIInterfaceOrientationLandscapeRight";
				LD_RUNPATH_SEARCH_PATHS = (
					"$(inherited)",
					"@executable_path/Frameworks",
				);
				MARKETING_VERSION = 1.0;
				PRODUCT_BUNDLE_IDENTIFIER = com.arcbueno.ChefDeliveryAlura;
				PRODUCT_NAME = "$(TARGET_NAME)";
				SWIFT_EMIT_LOC_STRINGS = YES;
				SWIFT_VERSION = 5.0;
				TARGETED_DEVICE_FAMILY = "1,2";
			};
			name = Release;
		};
		A8A0C2672C86A0CB003C8E5D /* Debug */ = {
			isa = XCBuildConfiguration;
			buildSettings = {
				ALWAYS_EMBED_SWIFT_STANDARD_LIBRARIES = YES;
				BUNDLE_LOADER = "$(TEST_HOST)";
				CODE_SIGN_STYLE = Automatic;
				CURRENT_PROJECT_VERSION = 1;
				GENERATE_INFOPLIST_FILE = YES;
				IPHONEOS_DEPLOYMENT_TARGET = 16.4;
				MARKETING_VERSION = 1.0;
				PRODUCT_BUNDLE_IDENTIFIER = com.arcbueno.ChefDeliveryAluraTests;
				PRODUCT_NAME = "$(TARGET_NAME)";
				SWIFT_EMIT_LOC_STRINGS = NO;
				SWIFT_VERSION = 5.0;
				TARGETED_DEVICE_FAMILY = "1,2";
				TEST_HOST = "$(BUILT_PRODUCTS_DIR)/ChefDeliveryAlura.app/$(BUNDLE_EXECUTABLE_FOLDER_PATH)/ChefDeliveryAlura";
			};
			name = Debug;
		};
		A8A0C2682C86A0CB003C8E5D /* Release */ = {
			isa = XCBuildConfiguration;
			buildSettings = {
				ALWAYS_EMBED_SWIFT_STANDARD_LIBRARIES = YES;
				BUNDLE_LOADER = "$(TEST_HOST)";
				CODE_SIGN_STYLE = Automatic;
				CURRENT_PROJECT_VERSION = 1;
				GENERATE_INFOPLIST_FILE = YES;
				IPHONEOS_DEPLOYMENT_TARGET = 16.4;
				MARKETING_VERSION = 1.0;
				PRODUCT_BUNDLE_IDENTIFIER = com.arcbueno.ChefDeliveryAluraTests;
				PRODUCT_NAME = "$(TARGET_NAME)";
				SWIFT_EMIT_LOC_STRINGS = NO;
				SWIFT_VERSION = 5.0;
				TARGETED_DEVICE_FAMILY = "1,2";
				TEST_HOST = "$(BUILT_PRODUCTS_DIR)/ChefDeliveryAlura.app/$(BUNDLE_EXECUTABLE_FOLDER_PATH)/ChefDeliveryAlura";
			};
			name = Release;
		};
		A8A0C26A2C86A0CB003C8E5D /* Debug */ = {
			isa = XCBuildConfiguration;
			buildSettings = {
				ALWAYS_EMBED_SWIFT_STANDARD_LIBRARIES = YES;
				CODE_SIGN_STYLE = Automatic;
				CURRENT_PROJECT_VERSION = 1;
				GENERATE_INFOPLIST_FILE = YES;
				MARKETING_VERSION = 1.0;
				PRODUCT_BUNDLE_IDENTIFIER = com.arcbueno.ChefDeliveryAluraUITests;
				PRODUCT_NAME = "$(TARGET_NAME)";
				SWIFT_EMIT_LOC_STRINGS = NO;
				SWIFT_VERSION = 5.0;
				TARGETED_DEVICE_FAMILY = "1,2";
				TEST_TARGET_NAME = ChefDeliveryAlura;
			};
			name = Debug;
		};
		A8A0C26B2C86A0CB003C8E5D /* Release */ = {
			isa = XCBuildConfiguration;
			buildSettings = {
				ALWAYS_EMBED_SWIFT_STANDARD_LIBRARIES = YES;
				CODE_SIGN_STYLE = Automatic;
				CURRENT_PROJECT_VERSION = 1;
				GENERATE_INFOPLIST_FILE = YES;
				MARKETING_VERSION = 1.0;
				PRODUCT_BUNDLE_IDENTIFIER = com.arcbueno.ChefDeliveryAluraUITests;
				PRODUCT_NAME = "$(TARGET_NAME)";
				SWIFT_EMIT_LOC_STRINGS = NO;
				SWIFT_VERSION = 5.0;
				TARGETED_DEVICE_FAMILY = "1,2";
				TEST_TARGET_NAME = ChefDeliveryAlura;
			};
			name = Release;
		};
/* End XCBuildConfiguration section */

/* Begin XCConfigurationList section */
		A8A0C23A2C86A0C9003C8E5D /* Build configuration list for PBXProject "ChefDeliveryAlura" */ = {
			isa = XCConfigurationList;
			buildConfigurations = (
				A8A0C2612C86A0CB003C8E5D /* Debug */,
				A8A0C2622C86A0CB003C8E5D /* Release */,
			);
			defaultConfigurationIsVisible = 0;
			defaultConfigurationName = Release;
		};
		A8A0C2632C86A0CB003C8E5D /* Build configuration list for PBXNativeTarget "ChefDeliveryAlura" */ = {
			isa = XCConfigurationList;
			buildConfigurations = (
				A8A0C2642C86A0CB003C8E5D /* Debug */,
				A8A0C2652C86A0CB003C8E5D /* Release */,
			);
			defaultConfigurationIsVisible = 0;
			defaultConfigurationName = Release;
		};
		A8A0C2662C86A0CB003C8E5D /* Build configuration list for PBXNativeTarget "ChefDeliveryAluraTests" */ = {
			isa = XCConfigurationList;
			buildConfigurations = (
				A8A0C2672C86A0CB003C8E5D /* Debug */,
				A8A0C2682C86A0CB003C8E5D /* Release */,
			);
			defaultConfigurationIsVisible = 0;
			defaultConfigurationName = Release;
		};
		A8A0C2692C86A0CB003C8E5D /* Build configuration list for PBXNativeTarget "ChefDeliveryAluraUITests" */ = {
			isa = XCConfigurationList;
			buildConfigurations = (
				A8A0C26A2C86A0CB003C8E5D /* Debug */,
				A8A0C26B2C86A0CB003C8E5D /* Release */,
			);
			defaultConfigurationIsVisible = 0;
			defaultConfigurationName = Release;
		};
/* End XCConfigurationList section */
	};
	rootObject = A8A0C2372C86A0C9003C8E5D /* Project object */;
}
